{
  "name": "forestedge",
  "version": "1.0.0",
  "lockfileVersion": 2,
  "requires": true,
  "packages": {
    "": {
      "name": "forestedge",
      "version": "1.0.0",
      "license": "MIT",
      "devDependencies": {
        "autoprefixer": "^10.4.14",
        "cssnano": "^6.0.1",
        "gulp": "^4.0.2",
        "gulp-concat": "^2.6.1",
        "gulp-livereload": "^4.0.2",
        "gulp-postcss": "^9.0.1",
        "gulp-zip": "^5.1.0",
        "postcss": "^8.4.24"
      }
    }
  }
}